schema: '2.0'
stages:
  data_loading:
    cmd: python src/load_data.py --path=params.yaml
    deps:
    - path: gender-classification-dataset.zip
      md5: 8e148b9896f71cb32902b3d229299df4
      size: 282512091
    - path: src/load_data.py
      md5: 28dada4d9a89ccc94fed7a7a99af12b9
      size: 2806
    params:
      params.yaml:
        paths:
          data_root: data
          zip_data: gender-classification-dataset.zip
          train_path: Training
          val_path: Validation
          processed_train_path: train_image_batches.pk
          processed_val_path: val_image_batches.pk
          model: model/GR.h5
  preprocessing:
    cmd: python src/preprocessing.py --path=params.yaml
    deps:
    - path: src/preprocessing.py
      md5: b8506cf21013083d5a73e16c3fe5c42b
      size: 3570
    params:
      params.yaml:
        base:
          batch_size: 32
        paths:
          data_root: data
          zip_data: gender-classification-dataset.zip
          train_path: Training
          val_path: Validation
          processed_train_path: train_image_batches.pk
          processed_val_path: val_image_batches.pk
          model: model/GR.h5
        preprocessing:
          x_col: Filepath
          y_col: Label
          target_size: 224
          color_mode: rgb
          class_mode: categorical
          shuffle: true
          seed: 0
          rotation_range: 30
          zoom_range: 0.15
          width_shift_range: 0.2
          height_shift_range: 0.2
          shear_range: 0.15
          horizontal_flip: true
          fill_mode: nearest
  training:
    cmd: python src/model.py --path=params.yaml
    deps:
    - path: src/model.py
      md5: f8251250ec5caa8952aa624a2e72ea9a
      size: 1891
    params:
      params.yaml:
        base:
          batch_size: 32
        paths:
          data_root: data
          zip_data: gender-classification-dataset.zip
          train_path: Training
          val_path: Validation
          processed_train_path: train_image_batches.pk
          processed_val_path: val_image_batches.pk
          model: model/GR.h5
        preprocessing:
          x_col: Filepath
          y_col: Label
          target_size: 224
          color_mode: rgb
          class_mode: categorical
          shuffle: true
          seed: 0
          rotation_range: 30
          zoom_range: 0.15
          width_shift_range: 0.2
          height_shift_range: 0.2
          shear_range: 0.15
          horizontal_flip: true
          fill_mode: nearest
        training:
          pretrain_w: imagenet
          pretrain_p: avg
          opt: adam
          loss: categorical_crossentropy
          metrics: accuracy
          epoch: 20
          monitor: val_loss
    outs:
    - path: model/GR.h5
      md5: 50313fcdc90313f11a4702b1f916ac9f
      size: 11697664
